// !$*UTF8*$!
{
	archiveVersion = 1;
	classes = {
	};
	objectVersion = 46;
	objects = {

/* Begin PBXBuildFile section */
		448BBCB51D8AE4B8009AF3DF /* Main.storyboard in Resources */ = {isa = PBXBuildFile; fileRef = 959C8C6C1D89E3CA009E231E /* Main.storyboard */; };
		666726CAA2D7747F9E136D17 /* Pods_XMPPTests.framework in Frameworks */ = {isa = PBXBuildFile; fileRef = DEA6458E9F97BC30A7F062BC /* Pods_XMPPTests.framework */; };
		959C8C3D1D89E0D1009E231E /* AppDelegate.swift in Sources */ = {isa = PBXBuildFile; fileRef = 959C8C3C1D89E0D1009E231E /* AppDelegate.swift */; };
		959C8C441D89E0D1009E231E /* Assets.xcassets in Resources */ = {isa = PBXBuildFile; fileRef = 959C8C431D89E0D1009E231E /* Assets.xcassets */; };
		959C8C471D89E0D1009E231E /* LaunchScreen.storyboard in Resources */ = {isa = PBXBuildFile; fileRef = 959C8C451D89E0D1009E231E /* LaunchScreen.storyboard */; };
		959C8C521D89E0D1009E231E /* XMPPTests.swift in Sources */ = {isa = PBXBuildFile; fileRef = 959C8C511D89E0D1009E231E /* XMPPTests.swift */; };
		959C8C611D89E129009E231E /* LoginViewController.swift in Sources */ = {isa = PBXBuildFile; fileRef = 959C8C5C1D89E129009E231E /* LoginViewController.swift */; };
		959C8C621D89E129009E231E /* OpenChatsTableViewController.swift in Sources */ = {isa = PBXBuildFile; fileRef = 959C8C5D1D89E129009E231E /* OpenChatsTableViewController.swift */; };
		959C8C631D89E129009E231E /* ChatViewController.swift in Sources */ = {isa = PBXBuildFile; fileRef = 959C8C5E1D89E129009E231E /* ChatViewController.swift */; };
		959C8C641D89E129009E231E /* ContactListTableViewController.swift in Sources */ = {isa = PBXBuildFile; fileRef = 959C8C5F1D89E129009E231E /* ContactListTableViewController.swift */; };
		959C8C651D89E129009E231E /* SettingsViewController.swift in Sources */ = {isa = PBXBuildFile; fileRef = 959C8C601D89E129009E231E /* SettingsViewController.swift */; };
		959C8C671D89E133009E231E /* Constants.swift in Sources */ = {isa = PBXBuildFile; fileRef = 959C8C661D89E133009E231E /* Constants.swift */; };
		959C8C6A1D89E146009E231E /* LoginTests.swift in Sources */ = {isa = PBXBuildFile; fileRef = 959C8C681D89E146009E231E /* LoginTests.swift */; };
		959C8C6B1D89E146009E231E /* ChatViewControllerTest.swift in Sources */ = {isa = PBXBuildFile; fileRef = 959C8C691D89E146009E231E /* ChatViewControllerTest.swift */; };
		9CDE491E20543A8416B328B3 /* Pods_XMPP.framework in Frameworks */ = {isa = PBXBuildFile; fileRef = FFBA68C291EF603B1EF56B56 /* Pods_XMPP.framework */; };
/* End PBXBuildFile section */

/* Begin PBXContainerItemProxy section */
		959C8C4E1D89E0D1009E231E /* PBXContainerItemProxy */ = {
			isa = PBXContainerItemProxy;
			containerPortal = 959C8C311D89E0D1009E231E /* Project object */;
			proxyType = 1;
			remoteGlobalIDString = 959C8C381D89E0D1009E231E;
			remoteInfo = XMPP;
		};
/* End PBXContainerItemProxy section */

/* Begin PBXFileReference section */
		0FEBCF3B5BB185AE33328C93 /* Pods-XMPP.release.xcconfig */ = {isa = PBXFileReference; includeInIndex = 1; lastKnownFileType = text.xcconfig; name = "Pods-XMPP.release.xcconfig"; path = "Pods/Target Support Files/Pods-XMPP/Pods-XMPP.release.xcconfig"; sourceTree = "<group>"; };
		2919B794DF6DAFF7029636F4 /* Pods-XMPPTests.release.xcconfig */ = {isa = PBXFileReference; includeInIndex = 1; lastKnownFileType = text.xcconfig; name = "Pods-XMPPTests.release.xcconfig"; path = "Pods/Target Support Files/Pods-XMPPTests/Pods-XMPPTests.release.xcconfig"; sourceTree = "<group>"; };
		6AF1149706F8AE669ECB17A1 /* Pods-XMPP.debug.xcconfig */ = {isa = PBXFileReference; includeInIndex = 1; lastKnownFileType = text.xcconfig; name = "Pods-XMPP.debug.xcconfig"; path = "Pods/Target Support Files/Pods-XMPP/Pods-XMPP.debug.xcconfig"; sourceTree = "<group>"; };
		959C8C391D89E0D1009E231E /* XMPP.app */ = {isa = PBXFileReference; explicitFileType = wrapper.application; includeInIndex = 0; path = XMPP.app; sourceTree = BUILT_PRODUCTS_DIR; };
		959C8C3C1D89E0D1009E231E /* AppDelegate.swift */ = {isa = PBXFileReference; lastKnownFileType = sourcecode.swift; path = AppDelegate.swift; sourceTree = "<group>"; };
		959C8C431D89E0D1009E231E /* Assets.xcassets */ = {isa = PBXFileReference; lastKnownFileType = folder.assetcatalog; path = Assets.xcassets; sourceTree = "<group>"; };
		959C8C461D89E0D1009E231E /* Base */ = {isa = PBXFileReference; lastKnownFileType = file.storyboard; name = Base; path = Base.lproj/LaunchScreen.storyboard; sourceTree = "<group>"; };
		959C8C481D89E0D1009E231E /* Info.plist */ = {isa = PBXFileReference; lastKnownFileType = text.plist.xml; path = Info.plist; sourceTree = "<group>"; };
		959C8C4D1D89E0D1009E231E /* XMPPTests.xctest */ = {isa = PBXFileReference; explicitFileType = wrapper.cfbundle; includeInIndex = 0; path = XMPPTests.xctest; sourceTree = BUILT_PRODUCTS_DIR; };
		959C8C511D89E0D1009E231E /* XMPPTests.swift */ = {isa = PBXFileReference; lastKnownFileType = sourcecode.swift; path = XMPPTests.swift; sourceTree = "<group>"; };
		959C8C531D89E0D1009E231E /* Info.plist */ = {isa = PBXFileReference; lastKnownFileType = text.plist.xml; path = Info.plist; sourceTree = "<group>"; };
		959C8C5C1D89E129009E231E /* LoginViewController.swift */ = {isa = PBXFileReference; fileEncoding = 4; lastKnownFileType = sourcecode.swift; path = LoginViewController.swift; sourceTree = "<group>"; };
		959C8C5D1D89E129009E231E /* OpenChatsTableViewController.swift */ = {isa = PBXFileReference; fileEncoding = 4; lastKnownFileType = sourcecode.swift; path = OpenChatsTableViewController.swift; sourceTree = "<group>"; };
		959C8C5E1D89E129009E231E /* ChatViewController.swift */ = {isa = PBXFileReference; fileEncoding = 4; lastKnownFileType = sourcecode.swift; path = ChatViewController.swift; sourceTree = "<group>"; };
		959C8C5F1D89E129009E231E /* ContactListTableViewController.swift */ = {isa = PBXFileReference; fileEncoding = 4; lastKnownFileType = sourcecode.swift; path = ContactListTableViewController.swift; sourceTree = "<group>"; };
		959C8C601D89E129009E231E /* SettingsViewController.swift */ = {isa = PBXFileReference; fileEncoding = 4; lastKnownFileType = sourcecode.swift; path = SettingsViewController.swift; sourceTree = "<group>"; };
		959C8C661D89E133009E231E /* Constants.swift */ = {isa = PBXFileReference; fileEncoding = 4; lastKnownFileType = sourcecode.swift; path = Constants.swift; sourceTree = "<group>"; };
		959C8C681D89E146009E231E /* LoginTests.swift */ = {isa = PBXFileReference; fileEncoding = 4; lastKnownFileType = sourcecode.swift; path = LoginTests.swift; sourceTree = "<group>"; };
		959C8C691D89E146009E231E /* ChatViewControllerTest.swift */ = {isa = PBXFileReference; fileEncoding = 4; lastKnownFileType = sourcecode.swift; path = ChatViewControllerTest.swift; sourceTree = "<group>"; };
		959C8C6C1D89E3CA009E231E /* Main.storyboard */ = {isa = PBXFileReference; fileEncoding = 4; lastKnownFileType = file.storyboard; name = Main.storyboard; path = XMPP/Base.lproj/Main.storyboard; sourceTree = SOURCE_ROOT; };
		A98DFA75035C3A3DB40618F1 /* Pods-XMPPTests.debug.xcconfig */ = {isa = PBXFileReference; includeInIndex = 1; lastKnownFileType = text.xcconfig; name = "Pods-XMPPTests.debug.xcconfig"; path = "Pods/Target Support Files/Pods-XMPPTests/Pods-XMPPTests.debug.xcconfig"; sourceTree = "<group>"; };
		DEA6458E9F97BC30A7F062BC /* Pods_XMPPTests.framework */ = {isa = PBXFileReference; explicitFileType = wrapper.framework; includeInIndex = 0; path = Pods_XMPPTests.framework; sourceTree = BUILT_PRODUCTS_DIR; };
		FFBA68C291EF603B1EF56B56 /* Pods_XMPP.framework */ = {isa = PBXFileReference; explicitFileType = wrapper.framework; includeInIndex = 0; path = Pods_XMPP.framework; sourceTree = BUILT_PRODUCTS_DIR; };
/* End PBXFileReference section */

/* Begin PBXFrameworksBuildPhase section */
		959C8C361D89E0D1009E231E /* Frameworks */ = {
			isa = PBXFrameworksBuildPhase;
			buildActionMask = 2147483647;
			files = (
				9CDE491E20543A8416B328B3 /* Pods_XMPP.framework in Frameworks */,
			);
			runOnlyForDeploymentPostprocessing = 0;
		};
		959C8C4A1D89E0D1009E231E /* Frameworks */ = {
			isa = PBXFrameworksBuildPhase;
			buildActionMask = 2147483647;
			files = (
				666726CAA2D7747F9E136D17 /* Pods_XMPPTests.framework in Frameworks */,
			);
			runOnlyForDeploymentPostprocessing = 0;
		};
/* End PBXFrameworksBuildPhase section */

/* Begin PBXGroup section */
		129717FD8F7C4841491D21A3 /* Pods */ = {
			isa = PBXGroup;
			children = (
				6AF1149706F8AE669ECB17A1 /* Pods-XMPP.debug.xcconfig */,
				0FEBCF3B5BB185AE33328C93 /* Pods-XMPP.release.xcconfig */,
				A98DFA75035C3A3DB40618F1 /* Pods-XMPPTests.debug.xcconfig */,
				2919B794DF6DAFF7029636F4 /* Pods-XMPPTests.release.xcconfig */,
			);
			name = Pods;
			sourceTree = "<group>";
		};
		959C8C301D89E0D1009E231E = {
			isa = PBXGroup;
			children = (
				959C8C3B1D89E0D1009E231E /* XMPP */,
				959C8C501D89E0D1009E231E /* XMPPTests */,
				959C8C3A1D89E0D1009E231E /* Products */,
				129717FD8F7C4841491D21A3 /* Pods */,
				CA9696E594C4FD56724DCE4B /* Frameworks */,
			);
			sourceTree = "<group>";
		};
		959C8C3A1D89E0D1009E231E /* Products */ = {
			isa = PBXGroup;
			children = (
				959C8C391D89E0D1009E231E /* XMPP.app */,
				959C8C4D1D89E0D1009E231E /* XMPPTests.xctest */,
			);
			name = Products;
			sourceTree = "<group>";
		};
		959C8C3B1D89E0D1009E231E /* XMPP */ = {
			isa = PBXGroup;
			children = (
				959C8C3C1D89E0D1009E231E /* AppDelegate.swift */,
				959C8C5C1D89E129009E231E /* LoginViewController.swift */,
				959C8C5D1D89E129009E231E /* OpenChatsTableViewController.swift */,
				959C8C5E1D89E129009E231E /* ChatViewController.swift */,
				959C8C5F1D89E129009E231E /* ContactListTableViewController.swift */,
				959C8C601D89E129009E231E /* SettingsViewController.swift */,
				959C8C6C1D89E3CA009E231E /* Main.storyboard */,
				959C8C431D89E0D1009E231E /* Assets.xcassets */,
				959C8C451D89E0D1009E231E /* LaunchScreen.storyboard */,
				959C8C481D89E0D1009E231E /* Info.plist */,
				959C8C661D89E133009E231E /* Constants.swift */,
			);
			path = XMPP;
			sourceTree = "<group>";
		};
		959C8C501D89E0D1009E231E /* XMPPTests */ = {
			isa = PBXGroup;
			children = (
				959C8C681D89E146009E231E /* LoginTests.swift */,
				959C8C691D89E146009E231E /* ChatViewControllerTest.swift */,
				959C8C511D89E0D1009E231E /* XMPPTests.swift */,
				959C8C531D89E0D1009E231E /* Info.plist */,
			);
			path = XMPPTests;
			sourceTree = "<group>";
		};
		CA9696E594C4FD56724DCE4B /* Frameworks */ = {
			isa = PBXGroup;
			children = (
				FFBA68C291EF603B1EF56B56 /* Pods_XMPP.framework */,
				DEA6458E9F97BC30A7F062BC /* Pods_XMPPTests.framework */,
			);
			name = Frameworks;
			sourceTree = "<group>";
		};
/* End PBXGroup section */

/* Begin PBXNativeTarget section */
		959C8C381D89E0D1009E231E /* XMPP */ = {
			isa = PBXNativeTarget;
			buildConfigurationList = 959C8C561D89E0D1009E231E /* Build configuration list for PBXNativeTarget "XMPP" */;
			buildPhases = (
				8224E88A94924D0D563CBDEE /* [CP] Check Pods Manifest.lock */,
				959C8C351D89E0D1009E231E /* Sources */,
				959C8C361D89E0D1009E231E /* Frameworks */,
				959C8C371D89E0D1009E231E /* Resources */,
				25F8C203EB910DFF5271C337 /* [CP] Embed Pods Frameworks */,
				D97B335E424F20B7C6D5354C /* [CP] Copy Pods Resources */,
			);
			buildRules = (
			);
			dependencies = (
			);
			name = XMPP;
			productName = XMPP;
			productReference = 959C8C391D89E0D1009E231E /* XMPP.app */;
			productType = "com.apple.product-type.application";
		};
		959C8C4C1D89E0D1009E231E /* XMPPTests */ = {
			isa = PBXNativeTarget;
			buildConfigurationList = 959C8C591D89E0D1009E231E /* Build configuration list for PBXNativeTarget "XMPPTests" */;
			buildPhases = (
				71B6828026190680FE353A89 /* [CP] Check Pods Manifest.lock */,
				959C8C491D89E0D1009E231E /* Sources */,
				959C8C4A1D89E0D1009E231E /* Frameworks */,
				959C8C4B1D89E0D1009E231E /* Resources */,
				1EFDF7300C4ED92587134733 /* [CP] Embed Pods Frameworks */,
				2D9330BB22FD9840CD4C2F39 /* [CP] Copy Pods Resources */,
			);
			buildRules = (
			);
			dependencies = (
				959C8C4F1D89E0D1009E231E /* PBXTargetDependency */,
			);
			name = XMPPTests;
			productName = XMPPTests;
			productReference = 959C8C4D1D89E0D1009E231E /* XMPPTests.xctest */;
			productType = "com.apple.product-type.bundle.unit-test";
		};
/* End PBXNativeTarget section */

/* Begin PBXProject section */
		959C8C311D89E0D1009E231E /* Project object */ = {
			isa = PBXProject;
			attributes = {
				LastSwiftUpdateCheck = 0730;
				LastUpgradeCheck = 0800;
				TargetAttributes = {
					959C8C381D89E0D1009E231E = {
						CreatedOnToolsVersion = 7.3.1;
						DevelopmentTeam = DYG5XF554D;
						LastSwiftMigration = 0800;
					};
					959C8C4C1D89E0D1009E231E = {
						CreatedOnToolsVersion = 7.3.1;
						LastSwiftMigration = 0800;
						TestTargetID = 959C8C381D89E0D1009E231E;
					};
				};
			};
			buildConfigurationList = 959C8C341D89E0D1009E231E /* Build configuration list for PBXProject "XMPP" */;
			compatibilityVersion = "Xcode 3.2";
			developmentRegion = English;
			hasScannedForEncodings = 0;
			knownRegions = (
				en,
				Base,
			);
			mainGroup = 959C8C301D89E0D1009E231E;
			productRefGroup = 959C8C3A1D89E0D1009E231E /* Products */;
			projectDirPath = "";
			projectRoot = "";
			targets = (
				959C8C381D89E0D1009E231E /* XMPP */,
				959C8C4C1D89E0D1009E231E /* XMPPTests */,
			);
		};
/* End PBXProject section */

/* Begin PBXResourcesBuildPhase section */
		959C8C371D89E0D1009E231E /* Resources */ = {
			isa = PBXResourcesBuildPhase;
			buildActionMask = 2147483647;
			files = (
				448BBCB51D8AE4B8009AF3DF /* Main.storyboard in Resources */,
				959C8C471D89E0D1009E231E /* LaunchScreen.storyboard in Resources */,
				959C8C441D89E0D1009E231E /* Assets.xcassets in Resources */,
			);
			runOnlyForDeploymentPostprocessing = 0;
		};
		959C8C4B1D89E0D1009E231E /* Resources */ = {
			isa = PBXResourcesBuildPhase;
			buildActionMask = 2147483647;
			files = (
			);
			runOnlyForDeploymentPostprocessing = 0;
		};
/* End PBXResourcesBuildPhase section */

/* Begin PBXShellScriptBuildPhase section */
		1EFDF7300C4ED92587134733 /* [CP] Embed Pods Frameworks */ = {
			isa = PBXShellScriptBuildPhase;
			buildActionMask = 2147483647;
			files = (
			);
			inputPaths = (
			);
			name = "[CP] Embed Pods Frameworks";
			outputPaths = (
			);
			runOnlyForDeploymentPostprocessing = 0;
			shellPath = /bin/sh;
			shellScript = "\"${SRCROOT}/Pods/Target Support Files/Pods-XMPPTests/Pods-XMPPTests-frameworks.sh\"\n";
			showEnvVarsInLog = 0;
		};
		25F8C203EB910DFF5271C337 /* [CP] Embed Pods Frameworks */ = {
			isa = PBXShellScriptBuildPhase;
			buildActionMask = 2147483647;
			files = (
			);
			inputPaths = (
			);
			name = "[CP] Embed Pods Frameworks";
			outputPaths = (
			);
			runOnlyForDeploymentPostprocessing = 0;
			shellPath = /bin/sh;
			shellScript = "\"${SRCROOT}/Pods/Target Support Files/Pods-XMPP/Pods-XMPP-frameworks.sh\"\n";
			showEnvVarsInLog = 0;
		};
		2D9330BB22FD9840CD4C2F39 /* [CP] Copy Pods Resources */ = {
			isa = PBXShellScriptBuildPhase;
			buildActionMask = 2147483647;
			files = (
			);
			inputPaths = (
			);
			name = "[CP] Copy Pods Resources";
			outputPaths = (
			);
			runOnlyForDeploymentPostprocessing = 0;
			shellPath = /bin/sh;
			shellScript = "\"${SRCROOT}/Pods/Target Support Files/Pods-XMPPTests/Pods-XMPPTests-resources.sh\"\n";
			showEnvVarsInLog = 0;
		};
		71B6828026190680FE353A89 /* [CP] Check Pods Manifest.lock */ = {
			isa = PBXShellScriptBuildPhase;
			buildActionMask = 2147483647;
			files = (
			);
			inputPaths = (
			);
			name = "[CP] Check Pods Manifest.lock";
			outputPaths = (
			);
			runOnlyForDeploymentPostprocessing = 0;
			shellPath = /bin/sh;
			shellScript = "diff \"${PODS_ROOT}/../Podfile.lock\" \"${PODS_ROOT}/Manifest.lock\" > /dev/null\nif [ $? != 0 ] ; then\n    # print error to STDERR\n    echo \"error: The sandbox is not in sync with the Podfile.lock. Run 'pod install' or update your CocoaPods installation.\" >&2\n    exit 1\nfi\n";
			showEnvVarsInLog = 0;
		};
		8224E88A94924D0D563CBDEE /* [CP] Check Pods Manifest.lock */ = {
			isa = PBXShellScriptBuildPhase;
			buildActionMask = 2147483647;
			files = (
			);
			inputPaths = (
			);
			name = "[CP] Check Pods Manifest.lock";
			outputPaths = (
			);
			runOnlyForDeploymentPostprocessing = 0;
			shellPath = /bin/sh;
			shellScript = "diff \"${PODS_ROOT}/../Podfile.lock\" \"${PODS_ROOT}/Manifest.lock\" > /dev/null\nif [ $? != 0 ] ; then\n    # print error to STDERR\n    echo \"error: The sandbox is not in sync with the Podfile.lock. Run 'pod install' or update your CocoaPods installation.\" >&2\n    exit 1\nfi\n";
			showEnvVarsInLog = 0;
		};
		D97B335E424F20B7C6D5354C /* [CP] Copy Pods Resources */ = {
			isa = PBXShellScriptBuildPhase;
			buildActionMask = 2147483647;
			files = (
			);
			inputPaths = (
			);
			name = "[CP] Copy Pods Resources";
			outputPaths = (
			);
			runOnlyForDeploymentPostprocessing = 0;
			shellPath = /bin/sh;
			shellScript = "\"${SRCROOT}/Pods/Target Support Files/Pods-XMPP/Pods-XMPP-resources.sh\"\n";
			showEnvVarsInLog = 0;
		};
/* End PBXShellScriptBuildPhase section */

/* Begin PBXSourcesBuildPhase section */
		959C8C351D89E0D1009E231E /* Sources */ = {
			isa = PBXSourcesBuildPhase;
			buildActionMask = 2147483647;
			files = (
				959C8C621D89E129009E231E /* OpenChatsTableViewController.swift in Sources */,
				959C8C611D89E129009E231E /* LoginViewController.swift in Sources */,
				959C8C631D89E129009E231E /* ChatViewController.swift in Sources */,
				959C8C641D89E129009E231E /* ContactListTableViewController.swift in Sources */,
				959C8C671D89E133009E231E /* Constants.swift in Sources */,
				959C8C3D1D89E0D1009E231E /* AppDelegate.swift in Sources */,
				959C8C651D89E129009E231E /* SettingsViewController.swift in Sources */,
			);
			runOnlyForDeploymentPostprocessing = 0;
		};
		959C8C491D89E0D1009E231E /* Sources */ = {
			isa = PBXSourcesBuildPhase;
			buildActionMask = 2147483647;
			files = (
				959C8C6B1D89E146009E231E /* ChatViewControllerTest.swift in Sources */,
				959C8C521D89E0D1009E231E /* XMPPTests.swift in Sources */,
				959C8C6A1D89E146009E231E /* LoginTests.swift in Sources */,
			);
			runOnlyForDeploymentPostprocessing = 0;
		};
/* End PBXSourcesBuildPhase section */

/* Begin PBXTargetDependency section */
		959C8C4F1D89E0D1009E231E /* PBXTargetDependency */ = {
			isa = PBXTargetDependency;
			target = 959C8C381D89E0D1009E231E /* XMPP */;
			targetProxy = 959C8C4E1D89E0D1009E231E /* PBXContainerItemProxy */;
		};
/* End PBXTargetDependency section */

/* Begin PBXVariantGroup section */
		959C8C451D89E0D1009E231E /* LaunchScreen.storyboard */ = {
			isa = PBXVariantGroup;
			children = (
				959C8C461D89E0D1009E231E /* Base */,
			);
			name = LaunchScreen.storyboard;
			sourceTree = "<group>";
		};
/* End PBXVariantGroup section */

/* Begin XCBuildConfiguration section */
		959C8C541D89E0D1009E231E /* Debug */ = {
			isa = XCBuildConfiguration;
			buildSettings = {
				ALWAYS_SEARCH_USER_PATHS = NO;
				CLANG_ANALYZER_NONNULL = YES;
				CLANG_CXX_LANGUAGE_STANDARD = "gnu++0x";
				CLANG_CXX_LIBRARY = "libc++";
				CLANG_ENABLE_MODULES = YES;
				CLANG_ENABLE_OBJC_ARC = YES;
				CLANG_WARN_BOOL_CONVERSION = YES;
				CLANG_WARN_CONSTANT_CONVERSION = YES;
				CLANG_WARN_DIRECT_OBJC_ISA_USAGE = YES_ERROR;
				CLANG_WARN_EMPTY_BODY = YES;
				CLANG_WARN_ENUM_CONVERSION = YES;
				CLANG_WARN_INFINITE_RECURSION = YES;
				CLANG_WARN_INT_CONVERSION = YES;
				CLANG_WARN_OBJC_ROOT_CLASS = YES_ERROR;
				CLANG_WARN_SUSPICIOUS_MOVE = YES;
				CLANG_WARN_UNREACHABLE_CODE = YES;
				CLANG_WARN__DUPLICATE_METHOD_MATCH = YES;
				"CODE_SIGN_IDENTITY[sdk=iphoneos*]" = "iPhone Developer";
				COPY_PHASE_STRIP = NO;
				DEBUG_INFORMATION_FORMAT = dwarf;
				ENABLE_STRICT_OBJC_MSGSEND = YES;
				ENABLE_TESTABILITY = YES;
				GCC_C_LANGUAGE_STANDARD = gnu99;
				GCC_DYNAMIC_NO_PIC = NO;
				GCC_NO_COMMON_BLOCKS = YES;
				GCC_OPTIMIZATION_LEVEL = 0;
				GCC_PREPROCESSOR_DEFINITIONS = (
					"DEBUG=1",
					"$(inherited)",
				);
				GCC_WARN_64_TO_32_BIT_CONVERSION = YES;
				GCC_WARN_ABOUT_RETURN_TYPE = YES_ERROR;
				GCC_WARN_UNDECLARED_SELECTOR = YES;
				GCC_WARN_UNINITIALIZED_AUTOS = YES_AGGRESSIVE;
				GCC_WARN_UNUSED_FUNCTION = YES;
				GCC_WARN_UNUSED_VARIABLE = YES;
				IPHONEOS_DEPLOYMENT_TARGET = 9.3;
				MTL_ENABLE_DEBUG_INFO = YES;
				ONLY_ACTIVE_ARCH = YES;
				SDKROOT = iphoneos;
				SWIFT_OPTIMIZATION_LEVEL = "-Onone";
			};
			name = Debug;
		};
		959C8C551D89E0D1009E231E /* Release */ = {
			isa = XCBuildConfiguration;
			buildSettings = {
				ALWAYS_SEARCH_USER_PATHS = NO;
				CLANG_ANALYZER_NONNULL = YES;
				CLANG_CXX_LANGUAGE_STANDARD = "gnu++0x";
				CLANG_CXX_LIBRARY = "libc++";
				CLANG_ENABLE_MODULES = YES;
				CLANG_ENABLE_OBJC_ARC = YES;
				CLANG_WARN_BOOL_CONVERSION = YES;
				CLANG_WARN_CONSTANT_CONVERSION = YES;
				CLANG_WARN_DIRECT_OBJC_ISA_USAGE = YES_ERROR;
				CLANG_WARN_EMPTY_BODY = YES;
				CLANG_WARN_ENUM_CONVERSION = YES;
				CLANG_WARN_INFINITE_RECURSION = YES;
				CLANG_WARN_INT_CONVERSION = YES;
				CLANG_WARN_OBJC_ROOT_CLASS = YES_ERROR;
				CLANG_WARN_SUSPICIOUS_MOVE = YES;
				CLANG_WARN_UNREACHABLE_CODE = YES;
				CLANG_WARN__DUPLICATE_METHOD_MATCH = YES;
				"CODE_SIGN_IDENTITY[sdk=iphoneos*]" = "iPhone Developer";
				COPY_PHASE_STRIP = NO;
				DEBUG_INFORMATION_FORMAT = "dwarf-with-dsym";
				ENABLE_NS_ASSERTIONS = NO;
				ENABLE_STRICT_OBJC_MSGSEND = YES;
				GCC_C_LANGUAGE_STANDARD = gnu99;
				GCC_NO_COMMON_BLOCKS = YES;
				GCC_WARN_64_TO_32_BIT_CONVERSION = YES;
				GCC_WARN_ABOUT_RETURN_TYPE = YES_ERROR;
				GCC_WARN_UNDECLARED_SELECTOR = YES;
				GCC_WARN_UNINITIALIZED_AUTOS = YES_AGGRESSIVE;
				GCC_WARN_UNUSED_FUNCTION = YES;
				GCC_WARN_UNUSED_VARIABLE = YES;
				IPHONEOS_DEPLOYMENT_TARGET = 9.3;
				MTL_ENABLE_DEBUG_INFO = NO;
				SDKROOT = iphoneos;
				SWIFT_OPTIMIZATION_LEVEL = "-Owholemodule";
				VALIDATE_PRODUCT = YES;
			};
			name = Release;
		};
		959C8C571D89E0D1009E231E /* Debug */ = {
			isa = XCBuildConfiguration;
			baseConfigurationReference = 6AF1149706F8AE669ECB17A1 /* Pods-XMPP.debug.xcconfig */;
			buildSettings = {
				ALWAYS_EMBED_SWIFT_STANDARD_LIBRARIES = YES;
				ASSETCATALOG_COMPILER_APPICON_NAME = AppIcon;
				DEVELOPMENT_TEAM = DYG5XF554D;
				INFOPLIST_FILE = XMPP/Info.plist;
				LD_RUNPATH_SEARCH_PATHS = "$(inherited) @executable_path/Frameworks";
				PRODUCT_BUNDLE_IDENTIFIER = com.example.XMPP;
				PRODUCT_NAME = "$(TARGET_NAME)";
				SWIFT_VERSION = 3.0;
			};
			name = Debug;
		};
		959C8C581D89E0D1009E231E /* Release */ = {
			isa = XCBuildConfiguration;
			baseConfigurationReference = 0FEBCF3B5BB185AE33328C93 /* Pods-XMPP.release.xcconfig */;
			buildSettings = {
				ALWAYS_EMBED_SWIFT_STANDARD_LIBRARIES = YES;
				ASSETCATALOG_COMPILER_APPICON_NAME = AppIcon;
				DEVELOPMENT_TEAM = DYG5XF554D;
				INFOPLIST_FILE = XMPP/Info.plist;
				LD_RUNPATH_SEARCH_PATHS = "$(inherited) @executable_path/Frameworks";
				PRODUCT_BUNDLE_IDENTIFIER = com.example.XMPP;
				PRODUCT_NAME = "$(TARGET_NAME)";
				SWIFT_VERSION = 3.0;
			};
			name = Release;
		};
		959C8C5A1D89E0D1009E231E /* Debug */ = {
			isa = XCBuildConfiguration;
			baseConfigurationReference = A98DFA75035C3A3DB40618F1 /* Pods-XMPPTests.debug.xcconfig */;
			buildSettings = {
				ALWAYS_EMBED_SWIFT_STANDARD_LIBRARIES = YES;
				BUNDLE_LOADER = "$(TEST_HOST)";
				INFOPLIST_FILE = XMPPTests/Info.plist;
				LD_RUNPATH_SEARCH_PATHS = "$(inherited) @executable_path/Frameworks @loader_path/Frameworks";
				PRODUCT_BUNDLE_IDENTIFIER = com.example.XMPPTests;
				PRODUCT_NAME = "$(TARGET_NAME)";
				SWIFT_VERSION = 3.0;
				TEST_HOST = "$(BUILT_PRODUCTS_DIR)/XMPP.app/XMPP";
			};
			name = Debug;
		};
		959C8C5B1D89E0D1009E231E /* Release */ = {
			isa = XCBuildConfiguration;
			baseConfigurationReference = 2919B794DF6DAFF7029636F4 /* Pods-XMPPTests.release.xcconfig */;
			buildSettings = {
				ALWAYS_EMBED_SWIFT_STANDARD_LIBRARIES = YES;
				BUNDLE_LOADER = "$(TEST_HOST)";
				INFOPLIST_FILE = XMPPTests/Info.plist;
				LD_RUNPATH_SEARCH_PATHS = "$(inherited) @executable_path/Frameworks @loader_path/Frameworks";
				PRODUCT_BUNDLE_IDENTIFIER = com.example.XMPPTests;
				PRODUCT_NAME = "$(TARGET_NAME)";
				SWIFT_VERSION = 3.0;
				TEST_HOST = "$(BUILT_PRODUCTS_DIR)/XMPP.app/XMPP";
			};
			name = Release;
		};
/* End XCBuildConfiguration section */

/* Begin XCConfigurationList section */
		959C8C341D89E0D1009E231E /* Build configuration list for PBXProject "XMPP" */ = {
			isa = XCConfigurationList;
			buildConfigurations = (
				959C8C541D89E0D1009E231E /* Debug */,
				959C8C551D89E0D1009E231E /* Release */,
			);
			defaultConfigurationIsVisible = 0;
			defaultConfigurationName = Release;
		};
		959C8C561D89E0D1009E231E /* Build configuration list for PBXNativeTarget "XMPP" */ = {
			isa = XCConfigurationList;
			buildConfigurations = (
				959C8C571D89E0D1009E231E /* Debug */,
				959C8C581D89E0D1009E231E /* Release */,
			);
			defaultConfigurationIsVisible = 0;
			defaultConfigurationName = Release;
		};
		959C8C591D89E0D1009E231E /* Build configuration list for PBXNativeTarget "XMPPTests" */ = {
			isa = XCConfigurationList;
			buildConfigurations = (
				959C8C5A1D89E0D1009E231E /* Debug */,
				959C8C5B1D89E0D1009E231E /* Release */,
			);
			defaultConfigurationIsVisible = 0;
			defaultConfigurationName = Release;
		};
/* End XCConfigurationList section */
	};
	rootObject = 959C8C311D89E0D1009E231E /* Project object */;
}
